
Microsoft Visual Studio Solution File, Format Version 12.00
# Visual Studio 15
VisualStudioVersion = 15.0.26730.8
MinimumVisualStudioVersion = 10.0.40219.1
Project("{FAE04EC0-301F-11D3-BF4B-00C04F79EFBC}") = "UDP Client", "UDP Client\UDP Client.csproj", "{07153E6A-F382-4CD9-8C7A-91A772284001}"
EndProject
Global
	GlobalSection(SolutionConfigurationPlatforms) = preSolution
		Debug|Any CPU = Debug|Any CPU
		Release|Any CPU = Release|Any CPU
	EndGlobalSection
	GlobalSection(ProjectConfigurationPlatforms) = postSolution
		{07153E6A-F382-4CD9-8C7A-91A772284001}.Debug|Any CPU.ActiveCfg = Debug|Any CPU
		{07153E6A-F382-4CD9-8C7A-91A772284001}.Debug|Any CPU.Build.0 = Debug|Any CPU
		{07153E6A-F382-4CD9-8C7A-91A772284001}.Release|Any CPU.ActiveCfg = Release|Any CPU
		{07153E6A-F382-4CD9-8C7A-91A772284001}.Release|Any CPU.Build.0 = Release|Any CPU
	EndGlobalSection
	GlobalSection(SolutionProperties) = preSolution
		HideSolutionNode = FALSE
	EndGlobalSection
	GlobalSection(ExtensibilityGlobals) = postSolution
		SolutionGuid = {D8A00706-C3AA-44AF-B6BE-13D0626723B4}
	EndGlobalSection
EndGlobal
